// !$*UTF8*$!
{
	archiveVersion = 1;
	classes = {
	};
	objectVersion = 50;
	objects = {

/* Begin PBXBuildFile section */
		8A5311932607B22D00FD56AE /* User.swift in Sources */ = {isa = PBXBuildFile; fileRef = 8A5311922607B22D00FD56AE /* User.swift */; };
		8A53119926081DAB00FD56AE /* TokenResponse.swift in Sources */ = {isa = PBXBuildFile; fileRef = 8A53119826081DAB00FD56AE /* TokenResponse.swift */; };
		8ABCCE8E2606BB4400D42DCE /* OwnPodCenfotecApp.swift in Sources */ = {isa = PBXBuildFile; fileRef = 8ABCCE8D2606BB4400D42DCE /* OwnPodCenfotecApp.swift */; };
		8ABCCE902606BB4400D42DCE /* ContentView.swift in Sources */ = {isa = PBXBuildFile; fileRef = 8ABCCE8F2606BB4400D42DCE /* ContentView.swift */; };
		8ABCCE922606BB4700D42DCE /* Assets.xcassets in Resources */ = {isa = PBXBuildFile; fileRef = 8ABCCE912606BB4700D42DCE /* Assets.xcassets */; };
		8ABCCE952606BB4700D42DCE /* Preview Assets.xcassets in Resources */ = {isa = PBXBuildFile; fileRef = 8ABCCE942606BB4700D42DCE /* Preview Assets.xcassets */; };
		8ABCCE9E2606BEBD00D42DCE /* Response.swift in Sources */ = {isa = PBXBuildFile; fileRef = 8ABCCE9D2606BEBD00D42DCE /* Response.swift */; };
/* End PBXBuildFile section */

/* Begin PBXFileReference section */
		8A5311922607B22D00FD56AE /* User.swift */ = {isa = PBXFileReference; lastKnownFileType = sourcecode.swift; path = User.swift; sourceTree = "<group>"; };
		8A53119826081DAB00FD56AE /* TokenResponse.swift */ = {isa = PBXFileReference; lastKnownFileType = sourcecode.swift; path = TokenResponse.swift; sourceTree = "<group>"; };
		8ABCCE8A2606BB4400D42DCE /* OwnPodCenfotec.app */ = {isa = PBXFileReference; explicitFileType = wrapper.application; includeInIndex = 0; path = OwnPodCenfotec.app; sourceTree = BUILT_PRODUCTS_DIR; };
		8ABCCE8D2606BB4400D42DCE /* OwnPodCenfotecApp.swift */ = {isa = PBXFileReference; lastKnownFileType = sourcecode.swift; path = OwnPodCenfotecApp.swift; sourceTree = "<group>"; };
		8ABCCE8F2606BB4400D42DCE /* ContentView.swift */ = {isa = PBXFileReference; lastKnownFileType = sourcecode.swift; path = ContentView.swift; sourceTree = "<group>"; };
		8ABCCE912606BB4700D42DCE /* Assets.xcassets */ = {isa = PBXFileReference; lastKnownFileType = folder.assetcatalog; path = Assets.xcassets; sourceTree = "<group>"; };
		8ABCCE942606BB4700D42DCE /* Preview Assets.xcassets */ = {isa = PBXFileReference; lastKnownFileType = folder.assetcatalog; path = "Preview Assets.xcassets"; sourceTree = "<group>"; };
		8ABCCE962606BB4700D42DCE /* Info.plist */ = {isa = PBXFileReference; lastKnownFileType = text.plist.xml; path = Info.plist; sourceTree = "<group>"; };
		8ABCCE9D2606BEBD00D42DCE /* Response.swift */ = {isa = PBXFileReference; lastKnownFileType = sourcecode.swift; path = Response.swift; sourceTree = "<group>"; };
/* End PBXFileReference section */

/* Begin PBXFrameworksBuildPhase section */
		8ABCCE872606BB4400D42DCE /* Frameworks */ = {
			isa = PBXFrameworksBuildPhase;
			buildActionMask = 2147483647;
			files = (
			);
			runOnlyForDeploymentPostprocessing = 0;
		};
/* End PBXFrameworksBuildPhase section */

/* Begin PBXGroup section */
		8ABCCE812606BB4300D42DCE = {
			isa = PBXGroup;
			children = (
				8ABCCE8C2606BB4400D42DCE /* OwnPodCenfotec */,
				8ABCCE8B2606BB4400D42DCE /* Products */,
			);
			sourceTree = "<group>";
		};
		8ABCCE8B2606BB4400D42DCE /* Products */ = {
			isa = PBXGroup;
			children = (
				8ABCCE8A2606BB4400D42DCE /* OwnPodCenfotec.app */,
			);
			name = Products;
			sourceTree = "<group>";
		};
		8ABCCE8C2606BB4400D42DCE /* OwnPodCenfotec */ = {
			isa = PBXGroup;
			children = (
				8ABCCE8D2606BB4400D42DCE /* OwnPodCenfotecApp.swift */,
				8ABCCE8F2606BB4400D42DCE /* ContentView.swift */,
				8A53119826081DAB00FD56AE /* TokenResponse.swift */,
				8A5311922607B22D00FD56AE /* User.swift */,
				8ABCCE9D2606BEBD00D42DCE /* Response.swift */,
				8ABCCE912606BB4700D42DCE /* Assets.xcassets */,
				8ABCCE962606BB4700D42DCE /* Info.plist */,
				8ABCCE932606BB4700D42DCE /* Preview Content */,
			);
			path = OwnPodCenfotec;
			sourceTree = "<group>";
		};
		8ABCCE932606BB4700D42DCE /* Preview Content */ = {
			isa = PBXGroup;
			children = (
				8ABCCE942606BB4700D42DCE /* Preview Assets.xcassets */,
			);
			path = "Preview Content";
			sourceTree = "<group>";
		};
/* End PBXGroup section */

/* Begin PBXNativeTarget section */
		8ABCCE892606BB4400D42DCE /* OwnPodCenfotec */ = {
			isa = PBXNativeTarget;
			buildConfigurationList = 8ABCCE992606BB4700D42DCE /* Build configuration list for PBXNativeTarget "OwnPodCenfotec" */;
			buildPhases = (
				8ABCCE862606BB4400D42DCE /* Sources */,
				8ABCCE872606BB4400D42DCE /* Frameworks */,
				8ABCCE882606BB4400D42DCE /* Resources */,
			);
			buildRules = (
			);
			dependencies = (
			);
			name = OwnPodCenfotec;
			productName = OwnPodCenfotec;
			productReference = 8ABCCE8A2606BB4400D42DCE /* OwnPodCenfotec.app */;
			productType = "com.apple.product-type.application";
		};
/* End PBXNativeTarget section */

/* Begin PBXProject section */
		8ABCCE822606BB4300D42DCE /* Project object */ = {
			isa = PBXProject;
			attributes = {
				LastSwiftUpdateCheck = 1240;
				LastUpgradeCheck = 1240;
				TargetAttributes = {
					8ABCCE892606BB4400D42DCE = {
						CreatedOnToolsVersion = 12.4;
					};
				};
			};
			buildConfigurationList = 8ABCCE852606BB4300D42DCE /* Build configuration list for PBXProject "OwnPodCenfotec" */;
			compatibilityVersion = "Xcode 9.3";
			developmentRegion = en;
			hasScannedForEncodings = 0;
			knownRegions = (
				en,
				Base,
			);
			mainGroup = 8ABCCE812606BB4300D42DCE;
			productRefGroup = 8ABCCE8B2606BB4400D42DCE /* Products */;
			projectDirPath = "";
			projectRoot = "";
			targets = (
				8ABCCE892606BB4400D42DCE /* OwnPodCenfotec */,
			);
		};
/* End PBXProject section */

/* Begin PBXResourcesBuildPhase section */
		8ABCCE882606BB4400D42DCE /* Resources */ = {
			isa = PBXResourcesBuildPhase;
			buildActionMask = 2147483647;
			files = (
				8ABCCE952606BB4700D42DCE /* Preview Assets.xcassets in Resources */,
				8ABCCE922606BB4700D42DCE /* Assets.xcassets in Resources */,
			);
			runOnlyForDeploymentPostprocessing = 0;
		};
/* End PBXResourcesBuildPhase section */

/* Begin PBXSourcesBuildPhase section */
		8ABCCE862606BB4400D42DCE /* Sources */ = {
			isa = PBXSourcesBuildPhase;
			buildActionMask = 2147483647;
			files = (
				8ABCCE902606BB4400D42DCE /* ContentView.swift in Sources */,
				8ABCCE9E2606BEBD00D42DCE /* Response.swift in Sources */,
				8A5311932607B22D00FD56AE /* User.swift in Sources */,
				8ABCCE8E2606BB4400D42DCE /* OwnPodCenfotecApp.swift in Sources */,
				8A53119926081DAB00FD56AE /* TokenResponse.swift in Sources */,
			);
			runOnlyForDeploymentPostprocessing = 0;
		};
/* End PBXSourcesBuildPhase section */

/* Begin XCBuildConfiguration section */
		8ABCCE972606BB4700D42DCE /* Debug */ = {
			isa = XCBuildConfiguration;
			buildSettings = {
				ALWAYS_SEARCH_USER_PATHS = NO;
				CLANG_ANALYZER_NONNULL = YES;
				CLANG_ANALYZER_NUMBER_OBJECT_CONVERSION = YES_AGGRESSIVE;
				CLANG_CXX_LANGUAGE_STANDARD = "gnu++14";
				CLANG_CXX_LIBRARY = "libc++";
				CLANG_ENABLE_MODULES = YES;
				CLANG_ENABLE_OBJC_ARC = YES;
				CLANG_ENABLE_OBJC_WEAK = YES;
				CLANG_WARN_BLOCK_CAPTURE_AUTORELEASING = YES;
				CLANG_WARN_BOOL_CONVERSION = YES;
				CLANG_WARN_COMMA = YES;
				CLANG_WARN_CONSTANT_CONVERSION = YES;
				CLANG_WARN_DEPRECATED_OBJC_IMPLEMENTATIONS = YES;
				CLANG_WARN_DIRECT_OBJC_ISA_USAGE = YES_ERROR;
				CLANG_WARN_DOCUMENTATION_COMMENTS = YES;
				CLANG_WARN_EMPTY_BODY = YES;
				CLANG_WARN_ENUM_CONVERSION = YES;
				CLANG_WARN_INFINITE_RECURSION = YES;
				CLANG_WARN_INT_CONVERSION = YES;
				CLANG_WARN_NON_LITERAL_NULL_CONVERSION = YES;
				CLANG_WARN_OBJC_IMPLICIT_RETAIN_SELF = YES;
				CLANG_WARN_OBJC_LITERAL_CONVERSION = YES;
				CLANG_WARN_OBJC_ROOT_CLASS = YES_ERROR;
				CLANG_WARN_QUOTED_INCLUDE_IN_FRAMEWORK_HEADER = YES;
				CLANG_WARN_RANGE_LOOP_ANALYSIS = YES;
				CLANG_WARN_STRICT_PROTOTYPES = YES;
				CLANG_WARN_SUSPICIOUS_MOVE = YES;
				CLANG_WARN_UNGUARDED_AVAILABILITY = YES_AGGRESSIVE;
				CLANG_WARN_UNREACHABLE_CODE = YES;
				CLANG_WARN__DUPLICATE_METHOD_MATCH = YES;
				COPY_PHASE_STRIP = NO;
				DEBUG_INFORMATION_FORMAT = dwarf;
				ENABLE_STRICT_OBJC_MSGSEND = YES;
				ENABLE_TESTABILITY = YES;
				GCC_C_LANGUAGE_STANDARD = gnu11;
				GCC_DYNAMIC_NO_PIC = NO;
				GCC_NO_COMMON_BLOCKS = YES;
				GCC_OPTIMIZATION_LEVEL = 0;
				GCC_PREPROCESSOR_DEFINITIONS = (
					"DEBUG=1",
					"$(inherited)",
				);
				GCC_WARN_64_TO_32_BIT_CONVERSION = YES;
				GCC_WARN_ABOUT_RETURN_TYPE = YES_ERROR;
				GCC_WARN_UNDECLARED_SELECTOR = YES;
				GCC_WARN_UNINITIALIZED_AUTOS = YES_AGGRESSIVE;
				GCC_WARN_UNUSED_FUNCTION = YES;
				GCC_WARN_UNUSED_VARIABLE = YES;
				IPHONEOS_DEPLOYMENT_TARGET = 14.4;
				MTL_ENABLE_DEBUG_INFO = INCLUDE_SOURCE;
				MTL_FAST_MATH = YES;
				ONLY_ACTIVE_ARCH = YES;
				SDKROOT = iphoneos;
				SWIFT_ACTIVE_COMPILATION_CONDITIONS = DEBUG;
				SWIFT_OPTIMIZATION_LEVEL = "-Onone";
			};
			name = Debug;
		};
		8ABCCE982606BB4700D42DCE /* Release */ = {
			isa = XCBuildConfiguration;
			buildSettings = {
				ALWAYS_SEARCH_USER_PATHS = NO;
				CLANG_ANALYZER_NONNULL = YES;
				CLANG_ANALYZER_NUMBER_OBJECT_CONVERSION = YES_AGGRESSIVE;
				CLANG_CXX_LANGUAGE_STANDARD = "gnu++14";
				CLANG_CXX_LIBRARY = "libc++";
				CLANG_ENABLE_MODULES = YES;
				CLANG_ENABLE_OBJC_ARC = YES;
				CLANG_ENABLE_OBJC_WEAK = YES;
				CLANG_WARN_BLOCK_CAPTURE_AUTORELEASING = YES;
				CLANG_WARN_BOOL_CONVERSION = YES;
				CLANG_WARN_COMMA = YES;
				CLANG_WARN_CONSTANT_CONVERSION = YES;
				CLANG_WARN_DEPRECATED_OBJC_IMPLEMENTATIONS = YES;
				CLANG_WARN_DIRECT_OBJC_ISA_USAGE = YES_ERROR;
				CLANG_WARN_DOCUMENTATION_COMMENTS = YES;
				CLANG_WARN_EMPTY_BODY = YES;
				CLANG_WARN_ENUM_CONVERSION = YES;
				CLANG_WARN_INFINITE_RECURSION = YES;
				CLANG_WARN_INT_CONVERSION = YES;
				CLANG_WARN_NON_LITERAL_NULL_CONVERSION = YES;
				CLANG_WARN_OBJC_IMPLICIT_RETAIN_SELF = YES;
				CLANG_WARN_OBJC_LITERAL_CONVERSION = YES;
				CLANG_WARN_OBJC_ROOT_CLASS = YES_ERROR;
				CLANG_WARN_QUOTED_INCLUDE_IN_FRAMEWORK_HEADER = YES;
				CLANG_WARN_RANGE_LOOP_ANALYSIS = YES;
				CLANG_WARN_STRICT_PROTOTYPES = YES;
				CLANG_WARN_SUSPICIOUS_MOVE = YES;
				CLANG_WARN_UNGUARDED_AVAILABILITY = YES_AGGRESSIVE;
				CLANG_WARN_UNREACHABLE_CODE = YES;
				CLANG_WARN__DUPLICATE_METHOD_MATCH = YES;
				COPY_PHASE_STRIP = NO;
				DEBUG_INFORMATION_FORMAT = "dwarf-with-dsym";
				ENABLE_NS_ASSERTIONS = NO;
				ENABLE_STRICT_OBJC_MSGSEND = YES;
				GCC_C_LANGUAGE_STANDARD = gnu11;
				GCC_NO_COMMON_BLOCKS = YES;
				GCC_WARN_64_TO_32_BIT_CONVERSION = YES;
				GCC_WARN_ABOUT_RETURN_TYPE = YES_ERROR;
				GCC_WARN_UNDECLARED_SELECTOR = YES;
				GCC_WARN_UNINITIALIZED_AUTOS = YES_AGGRESSIVE;
				GCC_WARN_UNUSED_FUNCTION = YES;
				GCC_WARN_UNUSED_VARIABLE = YES;
				IPHONEOS_DEPLOYMENT_TARGET = 14.4;
				MTL_ENABLE_DEBUG_INFO = NO;
				MTL_FAST_MATH = YES;
				SDKROOT = iphoneos;
				SWIFT_COMPILATION_MODE = wholemodule;
				SWIFT_OPTIMIZATION_LEVEL = "-O";
				VALIDATE_PRODUCT = YES;
			};
			name = Release;
		};
		8ABCCE9A2606BB4700D42DCE /* Debug */ = {
			isa = XCBuildConfiguration;
			buildSettings = {
				ASSETCATALOG_COMPILER_APPICON_NAME = AppIcon;
				ASSETCATALOG_COMPILER_GLOBAL_ACCENT_COLOR_NAME = AccentColor;
				CODE_SIGN_STYLE = Automatic;
				DEVELOPMENT_ASSET_PATHS = "\"OwnPodCenfotec/Preview Content\"";
				DEVELOPMENT_TEAM = U92X7B795N;
				ENABLE_PREVIEWS = YES;
				INFOPLIST_FILE = OwnPodCenfotec/Info.plist;
				IPHONEOS_DEPLOYMENT_TARGET = 14.0;
				LD_RUNPATH_SEARCH_PATHS = (
					"$(inherited)",
					"@executable_path/Frameworks",
				);
				PRODUCT_BUNDLE_IDENTIFIER = com.framirez.OwnPodCenfotec;
				PRODUCT_NAME = "$(TARGET_NAME)";
				SWIFT_VERSION = 5.0;
				TARGETED_DEVICE_FAMILY = "1,2";
			};
			name = Debug;
		};
		8ABCCE9B2606BB4700D42DCE /* Release */ = {
			isa = XCBuildConfiguration;
			buildSettings = {
				ASSETCATALOG_COMPILER_APPICON_NAME = AppIcon;
				ASSETCATALOG_COMPILER_GLOBAL_ACCENT_COLOR_NAME = AccentColor;
				CODE_SIGN_STYLE = Automatic;
				DEVELOPMENT_ASSET_PATHS = "\"OwnPodCenfotec/Preview Content\"";
				DEVELOPMENT_TEAM = U92X7B795N;
				ENABLE_PREVIEWS = YES;
				INFOPLIST_FILE = OwnPodCenfotec/Info.plist;
				IPHONEOS_DEPLOYMENT_TARGET = 14.0;
				LD_RUNPATH_SEARCH_PATHS = (
					"$(inherited)",
					"@executable_path/Frameworks",
				);
				PRODUCT_BUNDLE_IDENTIFIER = com.framirez.OwnPodCenfotec;
				PRODUCT_NAME = "$(TARGET_NAME)";
				SWIFT_VERSION = 5.0;
				TARGETED_DEVICE_FAMILY = "1,2";
			};
			name = Release;
		};
/* End XCBuildConfiguration section */

/* Begin XCConfigurationList section */
		8ABCCE852606BB4300D42DCE /* Build configuration list for PBXProject "OwnPodCenfotec" */ = {
			isa = XCConfigurationList;
			buildConfigurations = (
				8ABCCE972606BB4700D42DCE /* Debug */,
				8ABCCE982606BB4700D42DCE /* Release */,
			);
			defaultConfigurationIsVisible = 0;
			defaultConfigurationName = Release;
		};
		8ABCCE992606BB4700D42DCE /* Build configuration list for PBXNativeTarget "OwnPodCenfotec" */ = {
			isa = XCConfigurationList;
			buildConfigurations = (
				8ABCCE9A2606BB4700D42DCE /* Debug */,
				8ABCCE9B2606BB4700D42DCE /* Release */,
			);
			defaultConfigurationIsVisible = 0;
			defaultConfigurationName = Release;
		};
/* End XCConfigurationList section */
	};
	rootObject = 8ABCCE822606BB4300D42DCE /* Project object */;
}
